# This file is autogenerated, do not edit; changes may be undone by the next 'dep ensure'.


[[projects]]
  branch = "master"
  name = "github.com/gdamore/encoding"
  packages = ["."]
  revision = "b23993cbb6353f0e6aa98d0ee318a34728f628b9"

[[projects]]
  name = "github.com/gdamore/tcell"
  packages = [
    ".",
    "terminfo"
  ]
  revision = "de7e78efa4a71b3f36c7154989c529dbdf9ae623"
  version = "v1.1.0"

[[projects]]
  branch = "master"
  name = "github.com/gopherjs/gopherjs"
  packages = ["js"]
  revision = "0210a2f0f73c96103378b0b935f39868e5731809"

[[projects]]
  name = "github.com/jtolds/gls"
  packages = ["."]
  revision = "77f18212c9c7edc9bd6a33d383a7b545ce62f064"
  version = "v4.2.1"

[[projects]]
  name = "github.com/lucasb-eyer/go-colorful"
  packages = ["."]
  revision = "345fbb3dbcdb252d9985ee899a84963c0fa24c82"
  version = "v1.0"

[[projects]]
  name = "github.com/mattn/go-runewidth"
  packages = ["."]
  revision = "ce7b0b5c7b45a81508558cd1dba6bb1e4ddb51bb"
  version = "v0.0.3"

[[projects]]
  name = "github.com/smartystreets/assertions"
  packages = [
    ".",
    "internal/go-render/render",
    "internal/oglematchers"
  ]
  revision = "7678a5452ebea5b7090a6b163f844c133f523da2"
  version = "1.8.3"

[[projects]]
  name = "github.com/smartystreets/goconvey"
  packages = [
    "convey",
    "convey/gotest",
    "convey/reporting"
  ]
  revision = "9e8dc3f972df6c8fcc0375ef492c24d0bb204857"
  version = "1.6.3"

[[projects]]
  branch = "master"
  name = "github.com/yanzay/log"
  packages = ["."]
  revision = "87352bb235060cca8427c8f9fdd68c83b38ba461"

[[projects]]
  name = "golang.org/x/text"
  packages = [
    "encoding",
    "encoding/charmap",
    "encoding/internal",
    "encoding/internal/identifier",
    "encoding/japanese",
    "encoding/korean",
    "encoding/simplifiedchinese",
    "encoding/traditionalchinese",
    "internal/gen",
    "transform",
    "unicode/cldr"
  ]
  revision = "f21a4dfb5e38f5895301dc265a8def02365cc3d0"
  version = "v0.3.0"

[solve-meta]
  analyzer-name = "dep"
  analyzer-version = 1
  inputs-digest = "aeb6f09d793bc8234d7bb0c3244f5475a052d39d310e2fb4a615e37da13a18ed"
  solver-name = "gps-cdcl"
  solver-version = 1
